
Microsoft Visual Studio Solution File, Format Version 12.00
# Visual Studio Version 17
VisualStudioVersion = 17.5.33530.505
MinimumVisualStudioVersion = 10.0.40219.1
Project("{FAE04EC0-301F-11D3-BF4B-00C04F79EFBC}") = "BackupHarvester", "BackupHarvester\BackupHarvester.csproj", "{18B98071-7E35-4717-8E56-E35B76BD59A6}"
EndProject
Global
	GlobalSection(SolutionConfigurationPlatforms) = preSolution
		Debug|Any CPU = Debug|Any CPU
		Debug|x64 = Debug|x64
		Release|Any CPU = Release|Any CPU
		Release|x64 = Release|x64
	EndGlobalSection
	GlobalSection(ProjectConfigurationPlatforms) = postSolution
		{18B98071-7E35-4717-8E56-E35B76BD59A6}.Debug|Any CPU.ActiveCfg = Release|Any CPU
		{18B98071-7E35-4717-8E56-E35B76BD59A6}.Debug|Any CPU.Build.0 = Release|Any CPU
		{18B98071-7E35-4717-8E56-E35B76BD59A6}.Debug|x64.ActiveCfg = Release|x64
		{18B98071-7E35-4717-8E56-E35B76BD59A6}.Debug|x64.Build.0 = Release|x64
		{18B98071-7E35-4717-8E56-E35B76BD59A6}.Release|Any CPU.ActiveCfg = Release|Any CPU
		{18B98071-7E35-4717-8E56-E35B76BD59A6}.Release|Any CPU.Build.0 = Release|Any CPU
		{18B98071-7E35-4717-8E56-E35B76BD59A6}.Release|x64.ActiveCfg = Release|x64
		{18B98071-7E35-4717-8E56-E35B76BD59A6}.Release|x64.Build.0 = Release|x64
	EndGlobalSection
	GlobalSection(SolutionProperties) = preSolution
		HideSolutionNode = FALSE
	EndGlobalSection
	GlobalSection(ExtensibilityGlobals) = postSolution
		SolutionGuid = {90F8EA74-11E7-4DA8-BDA7-243A770C666D}
	EndGlobalSection
EndGlobal
